
Microsoft Visual Studio Solution File, Format Version 12.00
# Visual Studio Version 17
VisualStudioVersion = 17.7.34202.233
MinimumVisualStudioVersion = 10.0.40219.1
Project("{9A19103F-16F7-4668-BE54-9A1E7A4F7556}") = "HouseCom", "HouseCom\HouseCom.csproj", "{26AA772F-6A7D-4C8C-ACEB-9EB96CA87393}"
EndProject
Project("{FAE04EC0-301F-11D3-BF4B-00C04F79EFBC}") = "HouseTester", "HouseTester\HouseTester.csproj", "{3AAE546A-A720-4A02-B2F2-118AA4159E84}"
EndProject
Global
	GlobalSection(SolutionConfigurationPlatforms) = preSolution
		Debug|Any CPU = Debug|Any CPU
		Release|Any CPU = Release|Any CPU
	EndGlobalSection
	GlobalSection(ProjectConfigurationPlatforms) = postSolution
		{26AA772F-6A7D-4C8C-ACEB-9EB96CA87393}.Debug|Any CPU.ActiveCfg = Debug|Any CPU
		{26AA772F-6A7D-4C8C-ACEB-9EB96CA87393}.Debug|Any CPU.Build.0 = Debug|Any CPU
		{26AA772F-6A7D-4C8C-ACEB-9EB96CA87393}.Release|Any CPU.ActiveCfg = Release|Any CPU
		{26AA772F-6A7D-4C8C-ACEB-9EB96CA87393}.Release|Any CPU.Build.0 = Release|Any CPU
		{3AAE546A-A720-4A02-B2F2-118AA4159E84}.Debug|Any CPU.ActiveCfg = Debug|Any CPU
		{3AAE546A-A720-4A02-B2F2-118AA4159E84}.Debug|Any CPU.Build.0 = Debug|Any CPU
		{3AAE546A-A720-4A02-B2F2-118AA4159E84}.Release|Any CPU.ActiveCfg = Release|Any CPU
		{3AAE546A-A720-4A02-B2F2-118AA4159E84}.Release|Any CPU.Build.0 = Release|Any CPU
	EndGlobalSection
	GlobalSection(SolutionProperties) = preSolution
		HideSolutionNode = FALSE
	EndGlobalSection
	GlobalSection(ExtensibilityGlobals) = postSolution
		SolutionGuid = {9F5D53E9-9885-4F65-A124-997F0E820153}
	EndGlobalSection
EndGlobal
